// !$*UTF8*$!
{
	archiveVersion = 1;
	classes = {
	};
	objectVersion = 50;
	objects = {

/* Begin PBXBuildFile section */
		8312A5EE263D8C04004CF948 /* TagViewController.swift in Sources */ = {isa = PBXBuildFile; fileRef = 8312A5ED263D8C04004CF948 /* TagViewController.swift */; };
		8312A5FB263D8DD7004CF948 /* TagTableViewCell.swift in Sources */ = {isa = PBXBuildFile; fileRef = 8312A5FA263D8DD7004CF948 /* TagTableViewCell.swift */; };
		83187629263C6A160030A2D5 /* TextDescriptionView.swift in Sources */ = {isa = PBXBuildFile; fileRef = 83187628263C6A160030A2D5 /* TextDescriptionView.swift */; };
		8318762E263C6A270030A2D5 /* TextTitleView.swift in Sources */ = {isa = PBXBuildFile; fileRef = 8318762D263C6A270030A2D5 /* TextTitleView.swift */; };
		8318EF95263EE6E6000507C1 /* MainViewController.swift in Sources */ = {isa = PBXBuildFile; fileRef = 8318EF94263EE6E6000507C1 /* MainViewController.swift */; };
		8318EF9A263EE790000507C1 /* NavBarViewController.swift in Sources */ = {isa = PBXBuildFile; fileRef = 8318EF99263EE790000507C1 /* NavBarViewController.swift */; };
		831D6020263B723A00B6111F /* NoteDetailViewController.swift in Sources */ = {isa = PBXBuildFile; fileRef = 831D601F263B723A00B6111F /* NoteDetailViewController.swift */; };
		831D6025263B762300B6111F /* ColorCollectionViewController.swift in Sources */ = {isa = PBXBuildFile; fileRef = 831D6024263B762300B6111F /* ColorCollectionViewController.swift */; };
		831D602B263B7A2500B6111F /* ColorCollectionViewCell.swift in Sources */ = {isa = PBXBuildFile; fileRef = 831D602A263B7A2500B6111F /* ColorCollectionViewCell.swift */; };
		83309DFD263CA54D004E3600 /* UIViewControllerExtension.swift in Sources */ = {isa = PBXBuildFile; fileRef = 83309DFC263CA54D004E3600 /* UIViewControllerExtension.swift */; };
		83494442263B432D004751DD /* CustomLabel.swift in Sources */ = {isa = PBXBuildFile; fileRef = 83494441263B432D004751DD /* CustomLabel.swift */; };
		83494448263B4730004751DD /* CustomStyledLabel.swift in Sources */ = {isa = PBXBuildFile; fileRef = 83494447263B4730004751DD /* CustomStyledLabel.swift */; };
		834EC1ED263F3FD4004D2B46 /* HomeViewController.swift in Sources */ = {isa = PBXBuildFile; fileRef = 834EC1EC263F3FD4004D2B46 /* HomeViewController.swift */; };
		83550C29263A39780054496E /* AppDelegate.swift in Sources */ = {isa = PBXBuildFile; fileRef = 83550C28263A39780054496E /* AppDelegate.swift */; };
		83550C2B263A39780054496E /* SceneDelegate.swift in Sources */ = {isa = PBXBuildFile; fileRef = 83550C2A263A39780054496E /* SceneDelegate.swift */; };
		83550C33263A39780054496E /* NotesApp.xcdatamodeld in Sources */ = {isa = PBXBuildFile; fileRef = 83550C31263A39780054496E /* NotesApp.xcdatamodeld */; };
		83550C35263A39790054496E /* Assets.xcassets in Resources */ = {isa = PBXBuildFile; fileRef = 83550C34263A39790054496E /* Assets.xcassets */; };
		83550C38263A39790054496E /* LaunchScreen.storyboard in Resources */ = {isa = PBXBuildFile; fileRef = 83550C36263A39790054496E /* LaunchScreen.storyboard */; };
		83550C43263A39790054496E /* NotesAppTests.swift in Sources */ = {isa = PBXBuildFile; fileRef = 83550C42263A39790054496E /* NotesAppTests.swift */; };
		83550C4E263A39790054496E /* NotesAppUITests.swift in Sources */ = {isa = PBXBuildFile; fileRef = 83550C4D263A39790054496E /* NotesAppUITests.swift */; };
		83550C66263A3ACD0054496E /* NoteListViewController.swift in Sources */ = {isa = PBXBuildFile; fileRef = 83550C65263A3ACD0054496E /* NoteListViewController.swift */; };
		83550C73263A41FC0054496E /* NoteCollectionViewCell.swift in Sources */ = {isa = PBXBuildFile; fileRef = 83550C72263A41FC0054496E /* NoteCollectionViewCell.swift */; };
/* End PBXBuildFile section */

/* Begin PBXContainerItemProxy section */
		83550C3F263A39790054496E /* PBXContainerItemProxy */ = {
			isa = PBXContainerItemProxy;
			containerPortal = 83550C1D263A39780054496E /* Project object */;
			proxyType = 1;
			remoteGlobalIDString = 83550C24263A39780054496E;
			remoteInfo = NotesApp;
		};
		83550C4A263A39790054496E /* PBXContainerItemProxy */ = {
			isa = PBXContainerItemProxy;
			containerPortal = 83550C1D263A39780054496E /* Project object */;
			proxyType = 1;
			remoteGlobalIDString = 83550C24263A39780054496E;
			remoteInfo = NotesApp;
		};
/* End PBXContainerItemProxy section */

/* Begin PBXFileReference section */
		8312A5ED263D8C04004CF948 /* TagViewController.swift */ = {isa = PBXFileReference; lastKnownFileType = sourcecode.swift; path = TagViewController.swift; sourceTree = "<group>"; };
		8312A5FA263D8DD7004CF948 /* TagTableViewCell.swift */ = {isa = PBXFileReference; lastKnownFileType = sourcecode.swift; path = TagTableViewCell.swift; sourceTree = "<group>"; };
		83187628263C6A160030A2D5 /* TextDescriptionView.swift */ = {isa = PBXFileReference; lastKnownFileType = sourcecode.swift; path = TextDescriptionView.swift; sourceTree = "<group>"; };
		8318762D263C6A270030A2D5 /* TextTitleView.swift */ = {isa = PBXFileReference; lastKnownFileType = sourcecode.swift; path = TextTitleView.swift; sourceTree = "<group>"; };
		8318EF94263EE6E6000507C1 /* MainViewController.swift */ = {isa = PBXFileReference; lastKnownFileType = sourcecode.swift; path = MainViewController.swift; sourceTree = "<group>"; };
		8318EF99263EE790000507C1 /* NavBarViewController.swift */ = {isa = PBXFileReference; lastKnownFileType = sourcecode.swift; path = NavBarViewController.swift; sourceTree = "<group>"; };
		831D601F263B723A00B6111F /* NoteDetailViewController.swift */ = {isa = PBXFileReference; lastKnownFileType = sourcecode.swift; path = NoteDetailViewController.swift; sourceTree = "<group>"; };
		831D6024263B762300B6111F /* ColorCollectionViewController.swift */ = {isa = PBXFileReference; lastKnownFileType = sourcecode.swift; path = ColorCollectionViewController.swift; sourceTree = "<group>"; };
		831D602A263B7A2500B6111F /* ColorCollectionViewCell.swift */ = {isa = PBXFileReference; lastKnownFileType = sourcecode.swift; path = ColorCollectionViewCell.swift; sourceTree = "<group>"; };
		83309DFC263CA54D004E3600 /* UIViewControllerExtension.swift */ = {isa = PBXFileReference; lastKnownFileType = sourcecode.swift; path = UIViewControllerExtension.swift; sourceTree = "<group>"; };
		83494441263B432D004751DD /* CustomLabel.swift */ = {isa = PBXFileReference; lastKnownFileType = sourcecode.swift; path = CustomLabel.swift; sourceTree = "<group>"; };
		83494447263B4730004751DD /* CustomStyledLabel.swift */ = {isa = PBXFileReference; lastKnownFileType = sourcecode.swift; path = CustomStyledLabel.swift; sourceTree = "<group>"; };
		834EC1EC263F3FD4004D2B46 /* HomeViewController.swift */ = {isa = PBXFileReference; lastKnownFileType = sourcecode.swift; path = HomeViewController.swift; sourceTree = "<group>"; };
		83550C25263A39780054496E /* NotesApp.app */ = {isa = PBXFileReference; explicitFileType = wrapper.application; includeInIndex = 0; path = NotesApp.app; sourceTree = BUILT_PRODUCTS_DIR; };
		83550C28263A39780054496E /* AppDelegate.swift */ = {isa = PBXFileReference; lastKnownFileType = sourcecode.swift; path = AppDelegate.swift; sourceTree = "<group>"; };
		83550C2A263A39780054496E /* SceneDelegate.swift */ = {isa = PBXFileReference; lastKnownFileType = sourcecode.swift; path = SceneDelegate.swift; sourceTree = "<group>"; };
		83550C32263A39780054496E /* NotesApp.xcdatamodel */ = {isa = PBXFileReference; lastKnownFileType = wrapper.xcdatamodel; path = NotesApp.xcdatamodel; sourceTree = "<group>"; };
		83550C34263A39790054496E /* Assets.xcassets */ = {isa = PBXFileReference; lastKnownFileType = folder.assetcatalog; path = Assets.xcassets; sourceTree = "<group>"; };
		83550C37263A39790054496E /* Base */ = {isa = PBXFileReference; lastKnownFileType = file.storyboard; name = Base; path = Base.lproj/LaunchScreen.storyboard; sourceTree = "<group>"; };
		83550C39263A39790054496E /* Info.plist */ = {isa = PBXFileReference; lastKnownFileType = text.plist.xml; path = Info.plist; sourceTree = "<group>"; };
		83550C3E263A39790054496E /* NotesAppTests.xctest */ = {isa = PBXFileReference; explicitFileType = wrapper.cfbundle; includeInIndex = 0; path = NotesAppTests.xctest; sourceTree = BUILT_PRODUCTS_DIR; };
		83550C42263A39790054496E /* NotesAppTests.swift */ = {isa = PBXFileReference; lastKnownFileType = sourcecode.swift; path = NotesAppTests.swift; sourceTree = "<group>"; };
		83550C44263A39790054496E /* Info.plist */ = {isa = PBXFileReference; lastKnownFileType = text.plist.xml; path = Info.plist; sourceTree = "<group>"; };
		83550C49263A39790054496E /* NotesAppUITests.xctest */ = {isa = PBXFileReference; explicitFileType = wrapper.cfbundle; includeInIndex = 0; path = NotesAppUITests.xctest; sourceTree = BUILT_PRODUCTS_DIR; };
		83550C4D263A39790054496E /* NotesAppUITests.swift */ = {isa = PBXFileReference; lastKnownFileType = sourcecode.swift; path = NotesAppUITests.swift; sourceTree = "<group>"; };
		83550C4F263A39790054496E /* Info.plist */ = {isa = PBXFileReference; lastKnownFileType = text.plist.xml; path = Info.plist; sourceTree = "<group>"; };
		83550C65263A3ACD0054496E /* NoteListViewController.swift */ = {isa = PBXFileReference; lastKnownFileType = sourcecode.swift; path = NoteListViewController.swift; sourceTree = "<group>"; };
		83550C72263A41FC0054496E /* NoteCollectionViewCell.swift */ = {isa = PBXFileReference; lastKnownFileType = sourcecode.swift; path = NoteCollectionViewCell.swift; sourceTree = "<group>"; };
/* End PBXFileReference section */

/* Begin PBXFrameworksBuildPhase section */
		83550C22263A39780054496E /* Frameworks */ = {
			isa = PBXFrameworksBuildPhase;
			buildActionMask = 2147483647;
			files = (
			);
			runOnlyForDeploymentPostprocessing = 0;
		};
		83550C3B263A39790054496E /* Frameworks */ = {
			isa = PBXFrameworksBuildPhase;
			buildActionMask = 2147483647;
			files = (
			);
			runOnlyForDeploymentPostprocessing = 0;
		};
		83550C46263A39790054496E /* Frameworks */ = {
			isa = PBXFrameworksBuildPhase;
			buildActionMask = 2147483647;
			files = (
			);
			runOnlyForDeploymentPostprocessing = 0;
		};
/* End PBXFrameworksBuildPhase section */

/* Begin PBXGroup section */
		83187627263C69CE0030A2D5 /* TextControls */ = {
			isa = PBXGroup;
			children = (
				83187628263C6A160030A2D5 /* TextDescriptionView.swift */,
				8318762D263C6A270030A2D5 /* TextTitleView.swift */,
			);
			path = TextControls;
			sourceTree = "<group>";
		};
		831D6029263B79DA00B6111F /* Cells */ = {
			isa = PBXGroup;
			children = (
				83550C72263A41FC0054496E /* NoteCollectionViewCell.swift */,
				831D602A263B7A2500B6111F /* ColorCollectionViewCell.swift */,
				8312A5FA263D8DD7004CF948 /* TagTableViewCell.swift */,
			);
			path = Cells;
			sourceTree = "<group>";
		};
		83309DFB263CA535004E3600 /* Extension */ = {
			isa = PBXGroup;
			children = (
				83309DFC263CA54D004E3600 /* UIViewControllerExtension.swift */,
			);
			path = Extension;
			sourceTree = "<group>";
		};
		83494446263B4708004751DD /* Labels */ = {
			isa = PBXGroup;
			children = (
				83494441263B432D004751DD /* CustomLabel.swift */,
				83494447263B4730004751DD /* CustomStyledLabel.swift */,
			);
			path = Labels;
			sourceTree = "<group>";
		};
		83550C1C263A39780054496E = {
			isa = PBXGroup;
			children = (
				83550C27263A39780054496E /* NotesApp */,
				83550C41263A39790054496E /* NotesAppTests */,
				83550C4C263A39790054496E /* NotesAppUITests */,
				83550C26263A39780054496E /* Products */,
			);
			sourceTree = "<group>";
		};
		83550C26263A39780054496E /* Products */ = {
			isa = PBXGroup;
			children = (
				83550C25263A39780054496E /* NotesApp.app */,
				83550C3E263A39790054496E /* NotesAppTests.xctest */,
				83550C49263A39790054496E /* NotesAppUITests.xctest */,
			);
			name = Products;
			sourceTree = "<group>";
		};
		83550C27263A39780054496E /* NotesApp */ = {
			isa = PBXGroup;
			children = (
				83309DFB263CA535004E3600 /* Extension */,
				83550C71263A41CB0054496E /* UIComponents */,
				83550C6D263A3D8F0054496E /* Models */,
				83550C64263A3A970054496E /* Controllers */,
				83550C28263A39780054496E /* AppDelegate.swift */,
				83550C2A263A39780054496E /* SceneDelegate.swift */,
				83550C34263A39790054496E /* Assets.xcassets */,
				83550C36263A39790054496E /* LaunchScreen.storyboard */,
				83550C39263A39790054496E /* Info.plist */,
				83550C31263A39780054496E /* NotesApp.xcdatamodeld */,
			);
			path = NotesApp;
			sourceTree = "<group>";
		};
		83550C41263A39790054496E /* NotesAppTests */ = {
			isa = PBXGroup;
			children = (
				83550C42263A39790054496E /* NotesAppTests.swift */,
				83550C44263A39790054496E /* Info.plist */,
			);
			path = NotesAppTests;
			sourceTree = "<group>";
		};
		83550C4C263A39790054496E /* NotesAppUITests */ = {
			isa = PBXGroup;
			children = (
				83550C4D263A39790054496E /* NotesAppUITests.swift */,
				83550C4F263A39790054496E /* Info.plist */,
			);
			path = NotesAppUITests;
			sourceTree = "<group>";
		};
		83550C64263A3A970054496E /* Controllers */ = {
			isa = PBXGroup;
			children = (
				83550C65263A3ACD0054496E /* NoteListViewController.swift */,
				831D601F263B723A00B6111F /* NoteDetailViewController.swift */,
				8312A5ED263D8C04004CF948 /* TagViewController.swift */,
				8318EF94263EE6E6000507C1 /* MainViewController.swift */,
				8318EF99263EE790000507C1 /* NavBarViewController.swift */,
				834EC1EC263F3FD4004D2B46 /* HomeViewController.swift */,
			);
			path = Controllers;
			sourceTree = "<group>";
		};
		83550C6D263A3D8F0054496E /* Models */ = {
			isa = PBXGroup;
			children = (
			);
			path = Models;
			sourceTree = "<group>";
		};
		83550C71263A41CB0054496E /* UIComponents */ = {
			isa = PBXGroup;
			children = (
				83187627263C69CE0030A2D5 /* TextControls */,
				831D6029263B79DA00B6111F /* Cells */,
				83494446263B4708004751DD /* Labels */,
				831D6024263B762300B6111F /* ColorCollectionViewController.swift */,
			);
			path = UIComponents;
			sourceTree = "<group>";
		};
/* End PBXGroup section */

/* Begin PBXNativeTarget section */
		83550C24263A39780054496E /* NotesApp */ = {
			isa = PBXNativeTarget;
			buildConfigurationList = 83550C52263A39790054496E /* Build configuration list for PBXNativeTarget "NotesApp" */;
			buildPhases = (
				83550C21263A39780054496E /* Sources */,
				83550C22263A39780054496E /* Frameworks */,
				83550C23263A39780054496E /* Resources */,
			);
			buildRules = (
			);
			dependencies = (
			);
			name = NotesApp;
			productName = NotesApp;
			productReference = 83550C25263A39780054496E /* NotesApp.app */;
			productType = "com.apple.product-type.application";
		};
		83550C3D263A39790054496E /* NotesAppTests */ = {
			isa = PBXNativeTarget;
			buildConfigurationList = 83550C55263A39790054496E /* Build configuration list for PBXNativeTarget "NotesAppTests" */;
			buildPhases = (
				83550C3A263A39790054496E /* Sources */,
				83550C3B263A39790054496E /* Frameworks */,
				83550C3C263A39790054496E /* Resources */,
			);
			buildRules = (
			);
			dependencies = (
				83550C40263A39790054496E /* PBXTargetDependency */,
			);
			name = NotesAppTests;
			productName = NotesAppTests;
			productReference = 83550C3E263A39790054496E /* NotesAppTests.xctest */;
			productType = "com.apple.product-type.bundle.unit-test";
		};
		83550C48263A39790054496E /* NotesAppUITests */ = {
			isa = PBXNativeTarget;
			buildConfigurationList = 83550C58263A39790054496E /* Build configuration list for PBXNativeTarget "NotesAppUITests" */;
			buildPhases = (
				83550C45263A39790054496E /* Sources */,
				83550C46263A39790054496E /* Frameworks */,
				83550C47263A39790054496E /* Resources */,
			);
			buildRules = (
			);
			dependencies = (
				83550C4B263A39790054496E /* PBXTargetDependency */,
			);
			name = NotesAppUITests;
			productName = NotesAppUITests;
			productReference = 83550C49263A39790054496E /* NotesAppUITests.xctest */;
			productType = "com.apple.product-type.bundle.ui-testing";
		};
/* End PBXNativeTarget section */

/* Begin PBXProject section */
		83550C1D263A39780054496E /* Project object */ = {
			isa = PBXProject;
			attributes = {
				LastSwiftUpdateCheck = 1200;
				LastUpgradeCheck = 1200;
				TargetAttributes = {
					83550C24263A39780054496E = {
						CreatedOnToolsVersion = 12.0;
					};
					83550C3D263A39790054496E = {
						CreatedOnToolsVersion = 12.0;
						TestTargetID = 83550C24263A39780054496E;
					};
					83550C48263A39790054496E = {
						CreatedOnToolsVersion = 12.0;
						TestTargetID = 83550C24263A39780054496E;
					};
				};
			};
			buildConfigurationList = 83550C20263A39780054496E /* Build configuration list for PBXProject "NotesApp" */;
			compatibilityVersion = "Xcode 9.3";
			developmentRegion = en;
			hasScannedForEncodings = 0;
			knownRegions = (
				en,
				Base,
			);
			mainGroup = 83550C1C263A39780054496E;
			productRefGroup = 83550C26263A39780054496E /* Products */;
			projectDirPath = "";
			projectRoot = "";
			targets = (
				83550C24263A39780054496E /* NotesApp */,
				83550C3D263A39790054496E /* NotesAppTests */,
				83550C48263A39790054496E /* NotesAppUITests */,
			);
		};
/* End PBXProject section */

/* Begin PBXResourcesBuildPhase section */
		83550C23263A39780054496E /* Resources */ = {
			isa = PBXResourcesBuildPhase;
			buildActionMask = 2147483647;
			files = (
				83550C38263A39790054496E /* LaunchScreen.storyboard in Resources */,
				83550C35263A39790054496E /* Assets.xcassets in Resources */,
			);
			runOnlyForDeploymentPostprocessing = 0;
		};
		83550C3C263A39790054496E /* Resources */ = {
			isa = PBXResourcesBuildPhase;
			buildActionMask = 2147483647;
			files = (
			);
			runOnlyForDeploymentPostprocessing = 0;
		};
		83550C47263A39790054496E /* Resources */ = {
			isa = PBXResourcesBuildPhase;
			buildActionMask = 2147483647;
			files = (
			);
			runOnlyForDeploymentPostprocessing = 0;
		};
/* End PBXResourcesBuildPhase section */

/* Begin PBXSourcesBuildPhase section */
		83550C21263A39780054496E /* Sources */ = {
			isa = PBXSourcesBuildPhase;
			buildActionMask = 2147483647;
			files = (
				83187629263C6A160030A2D5 /* TextDescriptionView.swift in Sources */,
				831D602B263B7A2500B6111F /* ColorCollectionViewCell.swift in Sources */,
				83550C66263A3ACD0054496E /* NoteListViewController.swift in Sources */,
				831D6020263B723A00B6111F /* NoteDetailViewController.swift in Sources */,
				83494442263B432D004751DD /* CustomLabel.swift in Sources */,
				834EC1ED263F3FD4004D2B46 /* HomeViewController.swift in Sources */,
				8318762E263C6A270030A2D5 /* TextTitleView.swift in Sources */,
				83494448263B4730004751DD /* CustomStyledLabel.swift in Sources */,
				8318EF95263EE6E6000507C1 /* MainViewController.swift in Sources */,
				83550C29263A39780054496E /* AppDelegate.swift in Sources */,
				83550C73263A41FC0054496E /* NoteCollectionViewCell.swift in Sources */,
				83309DFD263CA54D004E3600 /* UIViewControllerExtension.swift in Sources */,
				83550C2B263A39780054496E /* SceneDelegate.swift in Sources */,
				8318EF9A263EE790000507C1 /* NavBarViewController.swift in Sources */,
				8312A5FB263D8DD7004CF948 /* TagTableViewCell.swift in Sources */,
				831D6025263B762300B6111F /* ColorCollectionViewController.swift in Sources */,
				83550C33263A39780054496E /* NotesApp.xcdatamodeld in Sources */,
				8312A5EE263D8C04004CF948 /* TagViewController.swift in Sources */,
			);
			runOnlyForDeploymentPostprocessing = 0;
		};
		83550C3A263A39790054496E /* Sources */ = {
			isa = PBXSourcesBuildPhase;
			buildActionMask = 2147483647;
			files = (
				83550C43263A39790054496E /* NotesAppTests.swift in Sources */,
			);
			runOnlyForDeploymentPostprocessing = 0;
		};
		83550C45263A39790054496E /* Sources */ = {
			isa = PBXSourcesBuildPhase;
			buildActionMask = 2147483647;
			files = (
				83550C4E263A39790054496E /* NotesAppUITests.swift in Sources */,
			);
			runOnlyForDeploymentPostprocessing = 0;
		};
/* End PBXSourcesBuildPhase section */

/* Begin PBXTargetDependency section */
		83550C40263A39790054496E /* PBXTargetDependency */ = {
			isa = PBXTargetDependency;
			target = 83550C24263A39780054496E /* NotesApp */;
			targetProxy = 83550C3F263A39790054496E /* PBXContainerItemProxy */;
		};
		83550C4B263A39790054496E /* PBXTargetDependency */ = {
			isa = PBXTargetDependency;
			target = 83550C24263A39780054496E /* NotesApp */;
			targetProxy = 83550C4A263A39790054496E /* PBXContainerItemProxy */;
		};
/* End PBXTargetDependency section */

/* Begin PBXVariantGroup section */
		83550C36263A39790054496E /* LaunchScreen.storyboard */ = {
			isa = PBXVariantGroup;
			children = (
				83550C37263A39790054496E /* Base */,
			);
			name = LaunchScreen.storyboard;
			sourceTree = "<group>";
		};
/* End PBXVariantGroup section */

/* Begin XCBuildConfiguration section */
		83550C50263A39790054496E /* Debug */ = {
			isa = XCBuildConfiguration;
			buildSettings = {
				ALWAYS_SEARCH_USER_PATHS = NO;
				CLANG_ANALYZER_NONNULL = YES;
				CLANG_ANALYZER_NUMBER_OBJECT_CONVERSION = YES_AGGRESSIVE;
				CLANG_CXX_LANGUAGE_STANDARD = "gnu++14";
				CLANG_CXX_LIBRARY = "libc++";
				CLANG_ENABLE_MODULES = YES;
				CLANG_ENABLE_OBJC_ARC = YES;
				CLANG_ENABLE_OBJC_WEAK = YES;
				CLANG_WARN_BLOCK_CAPTURE_AUTORELEASING = YES;
				CLANG_WARN_BOOL_CONVERSION = YES;
				CLANG_WARN_COMMA = YES;
				CLANG_WARN_CONSTANT_CONVERSION = YES;
				CLANG_WARN_DEPRECATED_OBJC_IMPLEMENTATIONS = YES;
				CLANG_WARN_DIRECT_OBJC_ISA_USAGE = YES_ERROR;
				CLANG_WARN_DOCUMENTATION_COMMENTS = YES;
				CLANG_WARN_EMPTY_BODY = YES;
				CLANG_WARN_ENUM_CONVERSION = YES;
				CLANG_WARN_INFINITE_RECURSION = YES;
				CLANG_WARN_INT_CONVERSION = YES;
				CLANG_WARN_NON_LITERAL_NULL_CONVERSION = YES;
				CLANG_WARN_OBJC_IMPLICIT_RETAIN_SELF = YES;
				CLANG_WARN_OBJC_LITERAL_CONVERSION = YES;
				CLANG_WARN_OBJC_ROOT_CLASS = YES_ERROR;
				CLANG_WARN_QUOTED_INCLUDE_IN_FRAMEWORK_HEADER = YES;
				CLANG_WARN_RANGE_LOOP_ANALYSIS = YES;
				CLANG_WARN_STRICT_PROTOTYPES = YES;
				CLANG_WARN_SUSPICIOUS_MOVE = YES;
				CLANG_WARN_UNGUARDED_AVAILABILITY = YES_AGGRESSIVE;
				CLANG_WARN_UNREACHABLE_CODE = YES;
				CLANG_WARN__DUPLICATE_METHOD_MATCH = YES;
				COPY_PHASE_STRIP = NO;
				DEBUG_INFORMATION_FORMAT = dwarf;
				ENABLE_STRICT_OBJC_MSGSEND = YES;
				ENABLE_TESTABILITY = YES;
				GCC_C_LANGUAGE_STANDARD = gnu11;
				GCC_DYNAMIC_NO_PIC = NO;
				GCC_NO_COMMON_BLOCKS = YES;
				GCC_OPTIMIZATION_LEVEL = 0;
				GCC_PREPROCESSOR_DEFINITIONS = (
					"DEBUG=1",
					"$(inherited)",
				);
				GCC_WARN_64_TO_32_BIT_CONVERSION = YES;
				GCC_WARN_ABOUT_RETURN_TYPE = YES_ERROR;
				GCC_WARN_UNDECLARED_SELECTOR = YES;
				GCC_WARN_UNINITIALIZED_AUTOS = YES_AGGRESSIVE;
				GCC_WARN_UNUSED_FUNCTION = YES;
				GCC_WARN_UNUSED_VARIABLE = YES;
				IPHONEOS_DEPLOYMENT_TARGET = 14.0;
				MTL_ENABLE_DEBUG_INFO = INCLUDE_SOURCE;
				MTL_FAST_MATH = YES;
				ONLY_ACTIVE_ARCH = YES;
				SDKROOT = iphoneos;
				SWIFT_ACTIVE_COMPILATION_CONDITIONS = DEBUG;
				SWIFT_OPTIMIZATION_LEVEL = "-Onone";
			};
			name = Debug;
		};
		83550C51263A39790054496E /* Release */ = {
			isa = XCBuildConfiguration;
			buildSettings = {
				ALWAYS_SEARCH_USER_PATHS = NO;
				CLANG_ANALYZER_NONNULL = YES;
				CLANG_ANALYZER_NUMBER_OBJECT_CONVERSION = YES_AGGRESSIVE;
				CLANG_CXX_LANGUAGE_STANDARD = "gnu++14";
				CLANG_CXX_LIBRARY = "libc++";
				CLANG_ENABLE_MODULES = YES;
				CLANG_ENABLE_OBJC_ARC = YES;
				CLANG_ENABLE_OBJC_WEAK = YES;
				CLANG_WARN_BLOCK_CAPTURE_AUTORELEASING = YES;
				CLANG_WARN_BOOL_CONVERSION = YES;
				CLANG_WARN_COMMA = YES;
				CLANG_WARN_CONSTANT_CONVERSION = YES;
				CLANG_WARN_DEPRECATED_OBJC_IMPLEMENTATIONS = YES;
				CLANG_WARN_DIRECT_OBJC_ISA_USAGE = YES_ERROR;
				CLANG_WARN_DOCUMENTATION_COMMENTS = YES;
				CLANG_WARN_EMPTY_BODY = YES;
				CLANG_WARN_ENUM_CONVERSION = YES;
				CLANG_WARN_INFINITE_RECURSION = YES;
				CLANG_WARN_INT_CONVERSION = YES;
				CLANG_WARN_NON_LITERAL_NULL_CONVERSION = YES;
				CLANG_WARN_OBJC_IMPLICIT_RETAIN_SELF = YES;
				CLANG_WARN_OBJC_LITERAL_CONVERSION = YES;
				CLANG_WARN_OBJC_ROOT_CLASS = YES_ERROR;
				CLANG_WARN_QUOTED_INCLUDE_IN_FRAMEWORK_HEADER = YES;
				CLANG_WARN_RANGE_LOOP_ANALYSIS = YES;
				CLANG_WARN_STRICT_PROTOTYPES = YES;
				CLANG_WARN_SUSPICIOUS_MOVE = YES;
				CLANG_WARN_UNGUARDED_AVAILABILITY = YES_AGGRESSIVE;
				CLANG_WARN_UNREACHABLE_CODE = YES;
				CLANG_WARN__DUPLICATE_METHOD_MATCH = YES;
				COPY_PHASE_STRIP = NO;
				DEBUG_INFORMATION_FORMAT = "dwarf-with-dsym";
				ENABLE_NS_ASSERTIONS = NO;
				ENABLE_STRICT_OBJC_MSGSEND = YES;
				GCC_C_LANGUAGE_STANDARD = gnu11;
				GCC_NO_COMMON_BLOCKS = YES;
				GCC_WARN_64_TO_32_BIT_CONVERSION = YES;
				GCC_WARN_ABOUT_RETURN_TYPE = YES_ERROR;
				GCC_WARN_UNDECLARED_SELECTOR = YES;
				GCC_WARN_UNINITIALIZED_AUTOS = YES_AGGRESSIVE;
				GCC_WARN_UNUSED_FUNCTION = YES;
				GCC_WARN_UNUSED_VARIABLE = YES;
				IPHONEOS_DEPLOYMENT_TARGET = 14.0;
				MTL_ENABLE_DEBUG_INFO = NO;
				MTL_FAST_MATH = YES;
				SDKROOT = iphoneos;
				SWIFT_COMPILATION_MODE = wholemodule;
				SWIFT_OPTIMIZATION_LEVEL = "-O";
				VALIDATE_PRODUCT = YES;
			};
			name = Release;
		};
		83550C53263A39790054496E /* Debug */ = {
			isa = XCBuildConfiguration;
			buildSettings = {
				ASSETCATALOG_COMPILER_APPICON_NAME = AppIcon;
				ASSETCATALOG_COMPILER_GLOBAL_ACCENT_COLOR_NAME = AccentColor;
				CODE_SIGN_STYLE = Automatic;
				INFOPLIST_FILE = NotesApp/Info.plist;
				LD_RUNPATH_SEARCH_PATHS = (
					"$(inherited)",
					"@executable_path/Frameworks",
				);
				PRODUCT_BUNDLE_IDENTIFIER = Myself.NotesApp;
				PRODUCT_NAME = "$(TARGET_NAME)";
				SWIFT_VERSION = 5.0;
				TARGETED_DEVICE_FAMILY = "1,2";
			};
			name = Debug;
		};
		83550C54263A39790054496E /* Release */ = {
			isa = XCBuildConfiguration;
			buildSettings = {
				ASSETCATALOG_COMPILER_APPICON_NAME = AppIcon;
				ASSETCATALOG_COMPILER_GLOBAL_ACCENT_COLOR_NAME = AccentColor;
				CODE_SIGN_STYLE = Automatic;
				INFOPLIST_FILE = NotesApp/Info.plist;
				LD_RUNPATH_SEARCH_PATHS = (
					"$(inherited)",
					"@executable_path/Frameworks",
				);
				PRODUCT_BUNDLE_IDENTIFIER = Myself.NotesApp;
				PRODUCT_NAME = "$(TARGET_NAME)";
				SWIFT_VERSION = 5.0;
				TARGETED_DEVICE_FAMILY = "1,2";
			};
			name = Release;
		};
		83550C56263A39790054496E /* Debug */ = {
			isa = XCBuildConfiguration;
			buildSettings = {
				ALWAYS_EMBED_SWIFT_STANDARD_LIBRARIES = YES;
				BUNDLE_LOADER = "$(TEST_HOST)";
				CODE_SIGN_STYLE = Automatic;
				INFOPLIST_FILE = NotesAppTests/Info.plist;
				IPHONEOS_DEPLOYMENT_TARGET = 14.0;
				LD_RUNPATH_SEARCH_PATHS = (
					"$(inherited)",
					"@executable_path/Frameworks",
					"@loader_path/Frameworks",
				);
				PRODUCT_BUNDLE_IDENTIFIER = Myself.NotesAppTests;
				PRODUCT_NAME = "$(TARGET_NAME)";
				SWIFT_VERSION = 5.0;
				TARGETED_DEVICE_FAMILY = "1,2";
				TEST_HOST = "$(BUILT_PRODUCTS_DIR)/NotesApp.app/NotesApp";
			};
			name = Debug;
		};
		83550C57263A39790054496E /* Release */ = {
			isa = XCBuildConfiguration;
			buildSettings = {
				ALWAYS_EMBED_SWIFT_STANDARD_LIBRARIES = YES;
				BUNDLE_LOADER = "$(TEST_HOST)";
				CODE_SIGN_STYLE = Automatic;
				INFOPLIST_FILE = NotesAppTests/Info.plist;
				IPHONEOS_DEPLOYMENT_TARGET = 14.0;
				LD_RUNPATH_SEARCH_PATHS = (
					"$(inherited)",
					"@executable_path/Frameworks",
					"@loader_path/Frameworks",
				);
				PRODUCT_BUNDLE_IDENTIFIER = Myself.NotesAppTests;
				PRODUCT_NAME = "$(TARGET_NAME)";
				SWIFT_VERSION = 5.0;
				TARGETED_DEVICE_FAMILY = "1,2";
				TEST_HOST = "$(BUILT_PRODUCTS_DIR)/NotesApp.app/NotesApp";
			};
			name = Release;
		};
		83550C59263A39790054496E /* Debug */ = {
			isa = XCBuildConfiguration;
			buildSettings = {
				ALWAYS_EMBED_SWIFT_STANDARD_LIBRARIES = YES;
				CODE_SIGN_STYLE = Automatic;
				INFOPLIST_FILE = NotesAppUITests/Info.plist;
				LD_RUNPATH_SEARCH_PATHS = (
					"$(inherited)",
					"@executable_path/Frameworks",
					"@loader_path/Frameworks",
				);
				PRODUCT_BUNDLE_IDENTIFIER = Myself.NotesAppUITests;
				PRODUCT_NAME = "$(TARGET_NAME)";
				SWIFT_VERSION = 5.0;
				TARGETED_DEVICE_FAMILY = "1,2";
				TEST_TARGET_NAME = NotesApp;
			};
			name = Debug;
		};
		83550C5A263A39790054496E /* Release */ = {
			isa = XCBuildConfiguration;
			buildSettings = {
				ALWAYS_EMBED_SWIFT_STANDARD_LIBRARIES = YES;
				CODE_SIGN_STYLE = Automatic;
				INFOPLIST_FILE = NotesAppUITests/Info.plist;
				LD_RUNPATH_SEARCH_PATHS = (
					"$(inherited)",
					"@executable_path/Frameworks",
					"@loader_path/Frameworks",
				);
				PRODUCT_BUNDLE_IDENTIFIER = Myself.NotesAppUITests;
				PRODUCT_NAME = "$(TARGET_NAME)";
				SWIFT_VERSION = 5.0;
				TARGETED_DEVICE_FAMILY = "1,2";
				TEST_TARGET_NAME = NotesApp;
			};
			name = Release;
		};
/* End XCBuildConfiguration section */

/* Begin XCConfigurationList section */
		83550C20263A39780054496E /* Build configuration list for PBXProject "NotesApp" */ = {
			isa = XCConfigurationList;
			buildConfigurations = (
				83550C50263A39790054496E /* Debug */,
				83550C51263A39790054496E /* Release */,
			);
			defaultConfigurationIsVisible = 0;
			defaultConfigurationName = Release;
		};
		83550C52263A39790054496E /* Build configuration list for PBXNativeTarget "NotesApp" */ = {
			isa = XCConfigurationList;
			buildConfigurations = (
				83550C53263A39790054496E /* Debug */,
				83550C54263A39790054496E /* Release */,
			);
			defaultConfigurationIsVisible = 0;
			defaultConfigurationName = Release;
		};
		83550C55263A39790054496E /* Build configuration list for PBXNativeTarget "NotesAppTests" */ = {
			isa = XCConfigurationList;
			buildConfigurations = (
				83550C56263A39790054496E /* Debug */,
				83550C57263A39790054496E /* Release */,
			);
			defaultConfigurationIsVisible = 0;
			defaultConfigurationName = Release;
		};
		83550C58263A39790054496E /* Build configuration list for PBXNativeTarget "NotesAppUITests" */ = {
			isa = XCConfigurationList;
			buildConfigurations = (
				83550C59263A39790054496E /* Debug */,
				83550C5A263A39790054496E /* Release */,
			);
			defaultConfigurationIsVisible = 0;
			defaultConfigurationName = Release;
		};
/* End XCConfigurationList section */

/* Begin XCVersionGroup section */
		83550C31263A39780054496E /* NotesApp.xcdatamodeld */ = {
			isa = XCVersionGroup;
			children = (
				83550C32263A39780054496E /* NotesApp.xcdatamodel */,
			);
			currentVersion = 83550C32263A39780054496E /* NotesApp.xcdatamodel */;
			path = NotesApp.xcdatamodeld;
			sourceTree = "<group>";
			versionGroupType = wrapper.xcdatamodel;
		};
/* End XCVersionGroup section */
	};
	rootObject = 83550C1D263A39780054496E /* Project object */;
}
